
Microsoft Visual Studio Solution File, Format Version 12.00
# Visual Studio Version 17
VisualStudioVersion = 17.4.33213.308
MinimumVisualStudioVersion = 10.0.40219.1
Project("{FAE04EC0-301F-11D3-BF4B-00C04F79EFBC}") = "labxml", "labxml\labxml.csproj", "{D6BD18DF-CD75-49F6-8031-BC5B56A66F2E}"
EndProject
Global
	GlobalSection(SolutionConfigurationPlatforms) = preSolution
		Debug|Any CPU = Debug|Any CPU
		Release|Any CPU = Release|Any CPU
	EndGlobalSection
	GlobalSection(ProjectConfigurationPlatforms) = postSolution
		{D6BD18DF-CD75-49F6-8031-BC5B56A66F2E}.Debug|Any CPU.ActiveCfg = Debug|Any CPU
		{D6BD18DF-CD75-49F6-8031-BC5B56A66F2E}.Debug|Any CPU.Build.0 = Debug|Any CPU
		{D6BD18DF-CD75-49F6-8031-BC5B56A66F2E}.Release|Any CPU.ActiveCfg = Release|Any CPU
		{D6BD18DF-CD75-49F6-8031-BC5B56A66F2E}.Release|Any CPU.Build.0 = Release|Any CPU
	EndGlobalSection
	GlobalSection(SolutionProperties) = preSolution
		HideSolutionNode = FALSE
	EndGlobalSection
	GlobalSection(ExtensibilityGlobals) = postSolution
		SolutionGuid = {EC3E4C94-400C-4184-9358-4B597A4903F5}
	EndGlobalSection
EndGlobal
